<?xml version="1.0" encoding="utf-8"?>
<Project ToolsVersion="4.0" xmlns="http://schemas.microsoft.com/developer/msbuild/2003">
  <ItemGroup>
    <ClCompile Include="src\main.cpp">
      <Filter>src</Filter>
    </ClCompile>
    <ClCompile Include="..\..\..\addons\ofxGui\src\ofxBaseGui.cpp">
      <Filter>addons\ofxGui\src</Filter>
    </ClCompile>
    <ClCompile Include="..\..\..\addons\ofxGui\src\ofxButton.cpp">
      <Filter>addons\ofxGui\src</Filter>
    </ClCompile>
    <ClCompile Include="..\..\..\addons\ofxGui\src\ofxGuiGroup.cpp">
      <Filter>addons\ofxGui\src</Filter>
    </ClCompile>
    <ClCompile Include="..\..\..\addons\ofxGui\src\ofxLabel.cpp">
      <Filter>addons\ofxGui\src</Filter>
    </ClCompile>
    <ClCompile Include="..\..\..\addons\ofxGui\src\ofxPanel.cpp">
      <Filter>addons\ofxGui\src</Filter>
    </ClCompile>
    <ClCompile Include="..\..\..\addons\ofxGui\src\ofxSlider.cpp">
      <Filter>addons\ofxGui\src</Filter>
    </ClCompile>
    <ClCompile Include="..\..\..\addons\ofxGui\src\ofxSliderGroup.cpp">
      <Filter>addons\ofxGui\src</Filter>
    </ClCompile>
    <ClCompile Include="..\..\..\addons\ofxGui\src\ofxToggle.cpp">
      <Filter>addons\ofxGui\src</Filter>
    </ClCompile>
    <ClCompile Include="..\..\..\addons\ofxFlowTools\src\drawforces\ftDrawForce.cpp">
      <Filter>addons\ofxFlowTools\src\drawforces</Filter>
    </ClCompile>
    <ClCompile Include="..\..\..\addons\ofxFlowTools\src\fluid\ftFluidSimulation.cpp">
      <Filter>addons\ofxFlowTools\src\fluid</Filter>
    </ClCompile>
    <ClCompile Include="..\..\..\addons\ofxFlowTools\src\mask\ftVelocityMask.cpp">
      <Filter>addons\ofxFlowTools\src\mask</Filter>
    </ClCompile>
    <ClCompile Include="..\..\..\addons\ofxFlowTools\src\opticalflow\ftOpticalFlow.cpp">
      <Filter>addons\ofxFlowTools\src\opticalflow</Filter>
    </ClCompile>
    <ClCompile Include="..\..\..\addons\ofxFlowTools\src\particles\ftParticleFlow.cpp">
      <Filter>addons\ofxFlowTools\src\particles</Filter>
    </ClCompile>
    <ClCompile Include="src\flowToolsApp.cpp">
      <Filter>src</Filter>
    </ClCompile>
    <ClCompile Include="..\src\drawforces\ftDrawMouseForces.cpp">
      <Filter>addons\ofxFlowTools\src\drawforces</Filter>
    </ClCompile>
  </ItemGroup>
  <ItemGroup>
    <Filter Include="src">
      <UniqueIdentifier>{d8376475-7454-4a24-b08a-aac121d3ad6f}</UniqueIdentifier>
    </Filter>
    <Filter Include="addons">
      <UniqueIdentifier>{71834F65-F3A9-211E-73B8-DC85}</UniqueIdentifier>
    </Filter>
    <Filter Include="addons\ofxGui">
      <UniqueIdentifier>{4F2A59AF-5F4E-704B-D067-EC13}</UniqueIdentifier>
    </Filter>
    <Filter Include="addons\ofxGui\src">
      <UniqueIdentifier>{645E9533-4DCD-6179-1CDF-CB65}</UniqueIdentifier>
    </Filter>
    <Filter Include="addons\ofxFlowTools">
      <UniqueIdentifier>{E3FAE6F6-71F6-CBB7-2E80-023F}</UniqueIdentifier>
    </Filter>
    <Filter Include="addons\ofxFlowTools\src">
      <UniqueIdentifier>{916B8527-E558-6965-F3FB-AA1A}</UniqueIdentifier>
    </Filter>
    <Filter Include="addons\ofxFlowTools\src\drawforces">
      <UniqueIdentifier>{047DE384-A528-9AFA-14B9-8DA9}</UniqueIdentifier>
    </Filter>
    <Filter Include="addons\ofxFlowTools\src\filters">
      <UniqueIdentifier>{96DC2D39-D002-D6D4-6550-49C3}</UniqueIdentifier>
    </Filter>
    <Filter Include="addons\ofxFlowTools\src\fluid">
      <UniqueIdentifier>{4BBB4B0F-9306-2810-CA22-896E}</UniqueIdentifier>
    </Filter>
    <Filter Include="addons\ofxFlowTools\src\mask">
      <UniqueIdentifier>{A8447F72-E1E3-8D59-6B3E-943C}</UniqueIdentifier>
    </Filter>
    <Filter Include="addons\ofxFlowTools\src\opticalflow">
      <UniqueIdentifier>{8CA1FFBA-23CF-B510-0B5D-CCCC}</UniqueIdentifier>
    </Filter>
    <Filter Include="addons\ofxFlowTools\src\particles">
      <UniqueIdentifier>{F0DE08D0-55E6-4D80-D624-5051}</UniqueIdentifier>
    </Filter>
    <Filter Include="addons\ofxFlowTools\src\tools">
      <UniqueIdentifier>{82A4B1C5-C550-7BF0-3C84-4E1B}</UniqueIdentifier>
    </Filter>
    <Filter Include="addons\ofxFlowTools\src\visualisation">
      <UniqueIdentifier>{85382400-3D16-D03D-D76C-D95A}</UniqueIdentifier>
    </Filter>
  </ItemGroup>
  <ItemGroup>
    <ClInclude Include="..\..\..\addons\ofxGui\src\ofxBaseGui.h">
      <Filter>addons\ofxGui\src</Filter>
    </ClInclude>
    <ClInclude Include="..\..\..\addons\ofxGui\src\ofxButton.h">
      <Filter>addons\ofxGui\src</Filter>
    </ClInclude>
    <ClInclude Include="..\..\..\addons\ofxGui\src\ofxGui.h">
      <Filter>addons\ofxGui\src</Filter>
    </ClInclude>
    <ClInclude Include="..\..\..\addons\ofxGui\src\ofxGuiGroup.h">
      <Filter>addons\ofxGui\src</Filter>
    </ClInclude>
    <ClInclude Include="..\..\..\addons\ofxGui\src\ofxLabel.h">
      <Filter>addons\ofxGui\src</Filter>
    </ClInclude>
    <ClInclude Include="..\..\..\addons\ofxGui\src\ofxPanel.h">
      <Filter>addons\ofxGui\src</Filter>
    </ClInclude>
    <ClInclude Include="..\..\..\addons\ofxGui\src\ofxSlider.h">
      <Filter>addons\ofxGui\src</Filter>
    </ClInclude>
    <ClInclude Include="..\..\..\addons\ofxGui\src\ofxSliderGroup.h">
      <Filter>addons\ofxGui\src</Filter>
    </ClInclude>
    <ClInclude Include="..\..\..\addons\ofxGui\src\ofxToggle.h">
      <Filter>addons\ofxGui\src</Filter>
    </ClInclude>
    <ClInclude Include="..\..\..\addons\ofxFlowTools\src\drawforces\ftDrawForce.h">
      <Filter>addons\ofxFlowTools\src\drawforces</Filter>
    </ClInclude>
    <ClInclude Include="..\..\..\addons\ofxFlowTools\src\drawforces\ftDrawForceShader.h">
      <Filter>addons\ofxFlowTools\src\drawforces</Filter>
    </ClInclude>
    <ClInclude Include="..\..\..\addons\ofxFlowTools\src\filters\ftContrastShader.h">
      <Filter>addons\ofxFlowTools\src\filters</Filter>
    </ClInclude>
    <ClInclude Include="..\..\..\addons\ofxFlowTools\src\filters\ftEOGShader.h">
      <Filter>addons\ofxFlowTools\src\filters</Filter>
    </ClInclude>
    <ClInclude Include="..\..\..\addons\ofxFlowTools\src\filters\ftGaussianBlurShader.h">
      <Filter>addons\ofxFlowTools\src\filters</Filter>
    </ClInclude>
    <ClInclude Include="..\..\..\addons\ofxFlowTools\src\filters\ftHSLShader.h">
      <Filter>addons\ofxFlowTools\src\filters</Filter>
    </ClInclude>
    <ClInclude Include="..\..\..\addons\ofxFlowTools\src\filters\ftLuminanceShader.h">
      <Filter>addons\ofxFlowTools\src\filters</Filter>
    </ClInclude>
    <ClInclude Include="..\..\..\addons\ofxFlowTools\src\filters\ftTimeBlurShader.h">
      <Filter>addons\ofxFlowTools\src\filters</Filter>
    </ClInclude>
    <ClInclude Include="..\..\..\addons\ofxFlowTools\src\fluid\ftAdvectShader.h">
      <Filter>addons\ofxFlowTools\src\fluid</Filter>
    </ClInclude>
    <ClInclude Include="..\..\..\addons\ofxFlowTools\src\fluid\ftDiffuseShader.h">
      <Filter>addons\ofxFlowTools\src\fluid</Filter>
    </ClInclude>
    <ClInclude Include="..\..\..\addons\ofxFlowTools\src\fluid\ftDivergenceShader.h">
      <Filter>addons\ofxFlowTools\src\fluid</Filter>
    </ClInclude>
    <ClInclude Include="..\..\..\addons\ofxFlowTools\src\fluid\ftFluidSimulation.h">
      <Filter>addons\ofxFlowTools\src\fluid</Filter>
    </ClInclude>
    <ClInclude Include="..\..\..\addons\ofxFlowTools\src\fluid\ftJacobiShader.h">
      <Filter>addons\ofxFlowTools\src\fluid</Filter>
    </ClInclude>
    <ClInclude Include="..\..\..\addons\ofxFlowTools\src\fluid\ftSmokeBuoyancyShader.h">
      <Filter>addons\ofxFlowTools\src\fluid</Filter>
    </ClInclude>
    <ClInclude Include="..\..\..\addons\ofxFlowTools\src\fluid\ftSubstractGradientShader.h">
      <Filter>addons\ofxFlowTools\src\fluid</Filter>
    </ClInclude>
    <ClInclude Include="..\..\..\addons\ofxFlowTools\src\fluid\ftVorticityFirstPassShader.h">
      <Filter>addons\ofxFlowTools\src\fluid</Filter>
    </ClInclude>
    <ClInclude Include="..\..\..\addons\ofxFlowTools\src\fluid\ftVorticitySecondPassShader.h">
      <Filter>addons\ofxFlowTools\src\fluid</Filter>
    </ClInclude>
    <ClInclude Include="..\..\..\addons\ofxFlowTools\src\ftFbo.h">
      <Filter>addons\ofxFlowTools\src</Filter>
    </ClInclude>
    <ClInclude Include="..\..\..\addons\ofxFlowTools\src\ftShader.h">
      <Filter>addons\ofxFlowTools\src</Filter>
    </ClInclude>
    <ClInclude Include="..\..\..\addons\ofxFlowTools\src\ftSwapBuffer.h">
      <Filter>addons\ofxFlowTools\src</Filter>
    </ClInclude>
    <ClInclude Include="..\..\..\addons\ofxFlowTools\src\mask\ftVelocityMask.h">
      <Filter>addons\ofxFlowTools\src\mask</Filter>
    </ClInclude>
    <ClInclude Include="..\..\..\addons\ofxFlowTools\src\mask\ftVelocityMaskShader.h">
      <Filter>addons\ofxFlowTools\src\mask</Filter>
    </ClInclude>
    <ClInclude Include="..\..\..\addons\ofxFlowTools\src\ofxFlowTools.h">
      <Filter>addons\ofxFlowTools\src</Filter>
    </ClInclude>
    <ClInclude Include="..\..\..\addons\ofxFlowTools\src\opticalflow\ftOpticalFlow.h">
      <Filter>addons\ofxFlowTools\src\opticalflow</Filter>
    </ClInclude>
    <ClInclude Include="..\..\..\addons\ofxFlowTools\src\opticalflow\ftOpticalFlowShader.h">
      <Filter>addons\ofxFlowTools\src\opticalflow</Filter>
    </ClInclude>
    <ClInclude Include="..\..\..\addons\ofxFlowTools\src\particles\ftAgeLifespanMassSizeParticleShader.h">
      <Filter>addons\ofxFlowTools\src\particles</Filter>
    </ClInclude>
    <ClInclude Include="..\..\..\addons\ofxFlowTools\src\particles\ftDrawParticleShader.h">
      <Filter>addons\ofxFlowTools\src\particles</Filter>
    </ClInclude>
    <ClInclude Include="..\..\..\addons\ofxFlowTools\src\particles\ftInitPositionShader.h">
      <Filter>addons\ofxFlowTools\src\particles</Filter>
    </ClInclude>
    <ClInclude Include="..\..\..\addons\ofxFlowTools\src\particles\ftMoveParticleShader.h">
      <Filter>addons\ofxFlowTools\src\particles</Filter>
    </ClInclude>
    <ClInclude Include="..\..\..\addons\ofxFlowTools\src\particles\ftParticleFlow.h">
      <Filter>addons\ofxFlowTools\src\particles</Filter>
    </ClInclude>
    <ClInclude Include="..\..\..\addons\ofxFlowTools\src\tools\ftAddForceShader.h">
      <Filter>addons\ofxFlowTools\src\tools</Filter>
    </ClInclude>
    <ClInclude Include="..\..\..\addons\ofxFlowTools\src\tools\ftClampLengthShader.h">
      <Filter>addons\ofxFlowTools\src\tools</Filter>
    </ClInclude>
    <ClInclude Include="..\..\..\addons\ofxFlowTools\src\tools\ftDensityFloatMultiplier.h">
      <Filter>addons\ofxFlowTools\src\tools</Filter>
    </ClInclude>
    <ClInclude Include="..\..\..\addons\ofxFlowTools\src\tools\ftDensityVec2Multiplier.h">
      <Filter>addons\ofxFlowTools\src\tools</Filter>
    </ClInclude>
    <ClInclude Include="..\..\..\addons\ofxFlowTools\src\tools\ftToScalar.h">
      <Filter>addons\ofxFlowTools\src\tools</Filter>
    </ClInclude>
    <ClInclude Include="..\..\..\addons\ofxFlowTools\src\tools\ftToScalarShader.h">
      <Filter>addons\ofxFlowTools\src\tools</Filter>
    </ClInclude>
    <ClInclude Include="..\..\..\addons\ofxFlowTools\src\visualisation\ftDisplayScalar.h">
      <Filter>addons\ofxFlowTools\src\visualisation</Filter>
    </ClInclude>
    <ClInclude Include="..\..\..\addons\ofxFlowTools\src\visualisation\ftDisplayScalarShader.h">
      <Filter>addons\ofxFlowTools\src\visualisation</Filter>
    </ClInclude>
    <ClInclude Include="..\..\..\addons\ofxFlowTools\src\visualisation\ftTemperatureField.h">
      <Filter>addons\ofxFlowTools\src\visualisation</Filter>
    </ClInclude>
    <ClInclude Include="..\..\..\addons\ofxFlowTools\src\visualisation\ftTemperatureFieldShader.h">
      <Filter>addons\ofxFlowTools\src\visualisation</Filter>
    </ClInclude>
    <ClInclude Include="..\..\..\addons\ofxFlowTools\src\visualisation\ftVelocityField.h">
      <Filter>addons\ofxFlowTools\src\visualisation</Filter>
    </ClInclude>
    <ClInclude Include="..\..\..\addons\ofxFlowTools\src\visualisation\ftVelocityFieldShader.h">
      <Filter>addons\ofxFlowTools\src\visualisation</Filter>
    </ClInclude>
    <ClInclude Include="src\flowToolsApp.h">
      <Filter>src</Filter>
    </ClInclude>
    <ClInclude Include="..\src\drawforces\ftDrawMouseForces.h">
      <Filter>addons\ofxFlowTools\src\drawforces</Filter>
    </ClInclude>
  </ItemGroup>
  <ItemGroup>
    <ResourceCompile Include="icon.rc" />
  </ItemGroup>
</Project>