// !$*UTF8*$!
{
	archiveVersion = 1;
	classes = {
	};
	objectVersion = 46;
	objects = {

/* Begin PBXBuildFile section */
		0B0A4F8E1CBC55B900B835CC /* README.md in Sources */ = {isa = PBXBuildFile; fileRef = 0B0A4F8D1CBC55B900B835CC /* README.md */; };
		1CD33E884D9E3358252E82A1 /* ofxToggle.cpp in Sources */ = {isa = PBXBuildFile; fileRef = 907C5B5E104864A2D3A25745 /* ofxToggle.cpp */; };
		4166D6A6757F613CED499577 /* ftDrawForce.cpp in Sources */ = {isa = PBXBuildFile; fileRef = 6A092AB6F7172A3547F3C6E4 /* ftDrawForce.cpp */; };
		483908258D00B98B4BE69F07 /* ofxLabel.cpp in Sources */ = {isa = PBXBuildFile; fileRef = 78D67A00EB899FAC09430597 /* ofxLabel.cpp */; };
		54FAC54E7E1116A49955101E /* ftOpticalFlow.cpp in Sources */ = {isa = PBXBuildFile; fileRef = AD4BAB412F2EAE29DEEF7D5E /* ftOpticalFlow.cpp */; };
		5CBB2AB3A60F65431D7B555D /* ofxButton.cpp in Sources */ = {isa = PBXBuildFile; fileRef = C88333E71C9457E441C33474 /* ofxButton.cpp */; };
		77FBBEE103C3E71E8C9510E0 /* ftParticleFlow.cpp in Sources */ = {isa = PBXBuildFile; fileRef = EC4179AA42E82A975E5EDC50 /* ftParticleFlow.cpp */; };
		837220E80EB56CD44AD27F2A /* ofxSlider.cpp in Sources */ = {isa = PBXBuildFile; fileRef = 15F2C6477A769C03A56D1401 /* ofxSlider.cpp */; };
		856AA354D08AB4B323081444 /* ofxBaseGui.cpp in Sources */ = {isa = PBXBuildFile; fileRef = 9604B925D32EE39065747725 /* ofxBaseGui.cpp */; };
		8EA04B616D228D22AEC6C9C8 /* ftAverageVelocity.cpp in Sources */ = {isa = PBXBuildFile; fileRef = 5250BCAC86C0139070F38127 /* ftAverageVelocity.cpp */; };
		AFBC335CC80DC27DCC9E70D7 /* ftFluidSimulation.cpp in Sources */ = {isa = PBXBuildFile; fileRef = 66EA260B157526C716077F8A /* ftFluidSimulation.cpp */; };
		B266578FC55D23BFEBC042E7 /* ofxGuiGroup.cpp in Sources */ = {isa = PBXBuildFile; fileRef = ECF8674C7975F1063C5E30CA /* ofxGuiGroup.cpp */; };
		B56FE57CC35806596D38118C /* ofxSliderGroup.cpp in Sources */ = {isa = PBXBuildFile; fileRef = 802251BAF1B35B1D67B32FD0 /* ofxSliderGroup.cpp */; };
		D1C26E826A2EA39A4D25FF84 /* ftVelocityMask.cpp in Sources */ = {isa = PBXBuildFile; fileRef = 6591B66F774811D0B071DDB7 /* ftVelocityMask.cpp */; };
		E4328149138ABC9F0047C5CB /* openFrameworksDebug.a in Frameworks */ = {isa = PBXBuildFile; fileRef = E4328148138ABC890047C5CB /* openFrameworksDebug.a */; };
		E4B69E200A3A1BDC003C02F2 /* main.cpp in Sources */ = {isa = PBXBuildFile; fileRef = E4B69E1D0A3A1BDC003C02F2 /* main.cpp */; };
		E4B69E210A3A1BDC003C02F2 /* ofApp.cpp in Sources */ = {isa = PBXBuildFile; fileRef = E4B69E1E0A3A1BDC003C02F2 /* ofApp.cpp */; };
		F285EB3169F1566CA3D93C20 /* ofxPanel.cpp in Sources */ = {isa = PBXBuildFile; fileRef = E112B3AEBEA2C091BF2B40AE /* ofxPanel.cpp */; };
		F75A96FFB5CA3A70D0903987 /* ftDrawMouseForces.cpp in Sources */ = {isa = PBXBuildFile; fileRef = 30A7D289BFD058F2CF626BC0 /* ftDrawMouseForces.cpp */; };
/* End PBXBuildFile section */

/* Begin PBXContainerItemProxy section */
		E4328147138ABC890047C5CB /* PBXContainerItemProxy */ = {
			isa = PBXContainerItemProxy;
			containerPortal = E4328143138ABC890047C5CB /* openFrameworksLib.xcodeproj */;
			proxyType = 2;
			remoteGlobalIDString = E4B27C1510CBEB8E00536013;
			remoteInfo = openFrameworks;
		};
		E4EEB9AB138B136A00A80321 /* PBXContainerItemProxy */ = {
			isa = PBXContainerItemProxy;
			containerPortal = E4328143138ABC890047C5CB /* openFrameworksLib.xcodeproj */;
			proxyType = 1;
			remoteGlobalIDString = E4B27C1410CBEB8E00536013;
			remoteInfo = openFrameworks;
		};
/* End PBXContainerItemProxy section */

/* Begin PBXCopyFilesBuildPhase section */
		E4C2427710CC5ABF004149E2 /* CopyFiles */ = {
			isa = PBXCopyFilesBuildPhase;
			buildActionMask = 2147483647;
			dstPath = "";
			dstSubfolderSpec = 10;
			files = (
			);
			runOnlyForDeploymentPostprocessing = 0;
		};
/* End PBXCopyFilesBuildPhase section */

/* Begin PBXFileReference section */
		04CE6A84FA111F88EB08CDAA /* ftOpticalFlowShader.h */ = {isa = PBXFileReference; explicitFileType = sourcecode.c.h; fileEncoding = 30; name = ftOpticalFlowShader.h; path = ../../../addons/ofxFlowTools/src/opticalflow/ftOpticalFlowShader.h; sourceTree = SOURCE_ROOT; };
		07818DEA3E42B969F242F634 /* ftTemperatureField.h */ = {isa = PBXFileReference; explicitFileType = sourcecode.c.h; fileEncoding = 30; name = ftTemperatureField.h; path = ../../../addons/ofxFlowTools/src/visualisation/ftTemperatureField.h; sourceTree = SOURCE_ROOT; };
		0A1DAC09F322AE313A40706D /* ofxToggle.h */ = {isa = PBXFileReference; explicitFileType = sourcecode.c.h; fileEncoding = 30; name = ofxToggle.h; path = ../../../addons/ofxGui/src/ofxToggle.h; sourceTree = SOURCE_ROOT; };
		0B0A4F8D1CBC55B900B835CC /* README.md */ = {isa = PBXFileReference; fileEncoding = 4; lastKnownFileType = net.daringfireball.markdown; name = README.md; path = ../README.md; sourceTree = "<group>"; };
		0B6EE04E1C6B7970008AC5DE /* ftDecayShader.h */ = {isa = PBXFileReference; lastKnownFileType = sourcecode.c.h; name = ftDecayShader.h; path = ../src/filters/ftDecayShader.h; sourceTree = "<group>"; };
		0D418D07961710BA2605389F /* ftVelocityField.h */ = {isa = PBXFileReference; explicitFileType = sourcecode.c.h; fileEncoding = 30; name = ftVelocityField.h; path = ../../../addons/ofxFlowTools/src/visualisation/ftVelocityField.h; sourceTree = SOURCE_ROOT; };
		141AF1017959EBF9939C1BD1 /* ftVelocitySpheresShader.h */ = {isa = PBXFileReference; explicitFileType = sourcecode.c.h; fileEncoding = 30; name = ftVelocitySpheresShader.h; path = ../../../addons/ofxFlowTools/src/visualisation/ftVelocitySpheresShader.h; sourceTree = SOURCE_ROOT; };
		15F2C6477A769C03A56D1401 /* ofxSlider.cpp */ = {isa = PBXFileReference; explicitFileType = sourcecode.cpp.cpp; fileEncoding = 30; name = ofxSlider.cpp; path = ../../../addons/ofxGui/src/ofxSlider.cpp; sourceTree = SOURCE_ROOT; };
		17E65988300FBD9AAA2CD0CA /* ofxGui.h */ = {isa = PBXFileReference; explicitFileType = sourcecode.c.h; fileEncoding = 30; name = ofxGui.h; path = ../../../addons/ofxGui/src/ofxGui.h; sourceTree = SOURCE_ROOT; };
		18BDF8D6A9DDAA063D9BB02C /* ftFbo.h */ = {isa = PBXFileReference; explicitFileType = sourcecode.c.h; fileEncoding = 30; name = ftFbo.h; path = ../../../addons/ofxFlowTools/src/ftFbo.h; sourceTree = SOURCE_ROOT; };
		1C0DA2561397A7DE0246858B /* ofxGuiGroup.h */ = {isa = PBXFileReference; explicitFileType = sourcecode.c.h; fileEncoding = 30; name = ofxGuiGroup.h; path = ../../../addons/ofxGui/src/ofxGuiGroup.h; sourceTree = SOURCE_ROOT; };
		1E9471F754EB7EE1B0CC0D1F /* ftOpticalFlow.h */ = {isa = PBXFileReference; explicitFileType = sourcecode.c.h; fileEncoding = 30; name = ftOpticalFlow.h; path = ../../../addons/ofxFlowTools/src/opticalflow/ftOpticalFlow.h; sourceTree = SOURCE_ROOT; };
		22757F50E29B6C4E2020B4BE /* ftDrawParticleShader.h */ = {isa = PBXFileReference; explicitFileType = sourcecode.c.h; fileEncoding = 30; name = ftDrawParticleShader.h; path = ../../../addons/ofxFlowTools/src/particles/ftDrawParticleShader.h; sourceTree = SOURCE_ROOT; };
		253346E9CF7A7617C548092F /* ftGaussianBlurShader.h */ = {isa = PBXFileReference; explicitFileType = sourcecode.c.h; fileEncoding = 30; name = ftGaussianBlurShader.h; path = ../../../addons/ofxFlowTools/src/filters/ftGaussianBlurShader.h; sourceTree = SOURCE_ROOT; };
		25DEB436D7353F73022E3E0D /* ftDivergenceShader.h */ = {isa = PBXFileReference; explicitFileType = sourcecode.c.h; fileEncoding = 30; name = ftDivergenceShader.h; path = ../../../addons/ofxFlowTools/src/fluid/ftDivergenceShader.h; sourceTree = SOURCE_ROOT; };
		2834D88A62CD23F3DE2C47D1 /* ofxButton.h */ = {isa = PBXFileReference; explicitFileType = sourcecode.c.h; fileEncoding = 30; name = ofxButton.h; path = ../../../addons/ofxGui/src/ofxButton.h; sourceTree = SOURCE_ROOT; };
		28ACBF0B88C18B573D06F071 /* ftInitPositionShader.h */ = {isa = PBXFileReference; explicitFileType = sourcecode.c.h; fileEncoding = 30; name = ftInitPositionShader.h; path = ../../../addons/ofxFlowTools/src/particles/ftInitPositionShader.h; sourceTree = SOURCE_ROOT; };
		2BBCAAB5F0183A520E795182 /* ftAddForceShader.h */ = {isa = PBXFileReference; explicitFileType = sourcecode.c.h; fileEncoding = 30; name = ftAddForceShader.h; path = ../../../addons/ofxFlowTools/src/tools/ftAddForceShader.h; sourceTree = SOURCE_ROOT; };
		30A7D289BFD058F2CF626BC0 /* ftDrawMouseForces.cpp */ = {isa = PBXFileReference; explicitFileType = sourcecode.cpp.cpp; fileEncoding = 30; name = ftDrawMouseForces.cpp; path = ../../../addons/ofxFlowTools/src/drawforces/ftDrawMouseForces.cpp; sourceTree = SOURCE_ROOT; };
		370832EA91F18DBADF08ACFD /* ftJacobiShader.h */ = {isa = PBXFileReference; explicitFileType = sourcecode.c.h; fileEncoding = 30; name = ftJacobiShader.h; path = ../../../addons/ofxFlowTools/src/fluid/ftJacobiShader.h; sourceTree = SOURCE_ROOT; };
		42D777736471997687201F89 /* ftVorticitySecondPassShader.h */ = {isa = PBXFileReference; explicitFileType = sourcecode.c.h; fileEncoding = 30; name = ftVorticitySecondPassShader.h; path = ../../../addons/ofxFlowTools/src/fluid/ftVorticitySecondPassShader.h; sourceTree = SOURCE_ROOT; };
		43B813EE6486AF5708B4819F /* ftAdvectShader.h */ = {isa = PBXFileReference; explicitFileType = sourcecode.c.h; fileEncoding = 30; name = ftAdvectShader.h; path = ../../../addons/ofxFlowTools/src/fluid/ftAdvectShader.h; sourceTree = SOURCE_ROOT; };
		46B405043F51DC91A93FB390 /* ftPressureField.h */ = {isa = PBXFileReference; explicitFileType = sourcecode.c.h; fileEncoding = 30; name = ftPressureField.h; path = ../../../addons/ofxFlowTools/src/visualisation/ftPressureField.h; sourceTree = SOURCE_ROOT; };
		4CE5EFD9C3D870801C4A2CAD /* ftRedToLuminanceShader.h */ = {isa = PBXFileReference; explicitFileType = sourcecode.c.h; fileEncoding = 30; name = ftRedToLuminanceShader.h; path = ../../../addons/ofxFlowTools/src/tools/ftRedToLuminanceShader.h; sourceTree = SOURCE_ROOT; };
		4DA9F46F475B1AA6CDDC166C /* ftDensityFloatMultiplier.h */ = {isa = PBXFileReference; explicitFileType = sourcecode.c.h; fileEncoding = 30; name = ftDensityFloatMultiplier.h; path = ../../../addons/ofxFlowTools/src/tools/ftDensityFloatMultiplier.h; sourceTree = SOURCE_ROOT; };
		4E5273AB4C11B2F746600298 /* ftHSLShader.h */ = {isa = PBXFileReference; explicitFileType = sourcecode.c.h; fileEncoding = 30; name = ftHSLShader.h; path = ../../../addons/ofxFlowTools/src/filters/ftHSLShader.h; sourceTree = SOURCE_ROOT; };
		5250BCAC86C0139070F38127 /* ftAverageVelocity.cpp */ = {isa = PBXFileReference; explicitFileType = sourcecode.cpp.cpp; fileEncoding = 30; name = ftAverageVelocity.cpp; path = ../../../addons/ofxFlowTools/src/tools/ftAverageVelocity.cpp; sourceTree = SOURCE_ROOT; };
		52AFA1F08C420992CAAAE648 /* ofxSlider.h */ = {isa = PBXFileReference; explicitFileType = sourcecode.c.h; fileEncoding = 30; name = ofxSlider.h; path = ../../../addons/ofxGui/src/ofxSlider.h; sourceTree = SOURCE_ROOT; };
		5508BA8EE5492442AADB5621 /* ofxFlowTools.h */ = {isa = PBXFileReference; explicitFileType = sourcecode.c.h; fileEncoding = 30; name = ofxFlowTools.h; path = ../../../addons/ofxFlowTools/src/ofxFlowTools.h; sourceTree = SOURCE_ROOT; };
		5BAA25ECC443288AC1701455 /* ftMoveParticleShader.h */ = {isa = PBXFileReference; explicitFileType = sourcecode.c.h; fileEncoding = 30; name = ftMoveParticleShader.h; path = ../../../addons/ofxFlowTools/src/particles/ftMoveParticleShader.h; sourceTree = SOURCE_ROOT; };
		6591B66F774811D0B071DDB7 /* ftVelocityMask.cpp */ = {isa = PBXFileReference; explicitFileType = sourcecode.cpp.cpp; fileEncoding = 30; name = ftVelocityMask.cpp; path = ../../../addons/ofxFlowTools/src/mask/ftVelocityMask.cpp; sourceTree = SOURCE_ROOT; };
		66EA260B157526C716077F8A /* ftFluidSimulation.cpp */ = {isa = PBXFileReference; explicitFileType = sourcecode.cpp.cpp; fileEncoding = 30; name = ftFluidSimulation.cpp; path = ../../../addons/ofxFlowTools/src/fluid/ftFluidSimulation.cpp; sourceTree = SOURCE_ROOT; };
		6A092AB6F7172A3547F3C6E4 /* ftDrawForce.cpp */ = {isa = PBXFileReference; explicitFileType = sourcecode.cpp.cpp; fileEncoding = 30; name = ftDrawForce.cpp; path = ../../../addons/ofxFlowTools/src/drawforces/ftDrawForce.cpp; sourceTree = SOURCE_ROOT; };
		71D7178293405647AB85798E /* ftLuminanceShader.h */ = {isa = PBXFileReference; explicitFileType = sourcecode.c.h; fileEncoding = 30; name = ftLuminanceShader.h; path = ../../../addons/ofxFlowTools/src/filters/ftLuminanceShader.h; sourceTree = SOURCE_ROOT; };
		729C4BECC00653460D5F2938 /* ftClampLengthShader.h */ = {isa = PBXFileReference; explicitFileType = sourcecode.c.h; fileEncoding = 30; name = ftClampLengthShader.h; path = ../../../addons/ofxFlowTools/src/tools/ftClampLengthShader.h; sourceTree = SOURCE_ROOT; };
		78418FB83DBBD3883FB4AA8A /* ftDisplayScalarShader.h */ = {isa = PBXFileReference; explicitFileType = sourcecode.c.h; fileEncoding = 30; name = ftDisplayScalarShader.h; path = ../../../addons/ofxFlowTools/src/visualisation/ftDisplayScalarShader.h; sourceTree = SOURCE_ROOT; };
		78892BE71A2A8C4E89AFD9DA /* ftDisplayScalar.h */ = {isa = PBXFileReference; explicitFileType = sourcecode.c.h; fileEncoding = 30; name = ftDisplayScalar.h; path = ../../../addons/ofxFlowTools/src/visualisation/ftDisplayScalar.h; sourceTree = SOURCE_ROOT; };
		78D67A00EB899FAC09430597 /* ofxLabel.cpp */ = {isa = PBXFileReference; explicitFileType = sourcecode.cpp.cpp; fileEncoding = 30; name = ofxLabel.cpp; path = ../../../addons/ofxGui/src/ofxLabel.cpp; sourceTree = SOURCE_ROOT; };
		7D255B4D67A5C2A9D8A45DBD /* ftVelocityMask.h */ = {isa = PBXFileReference; explicitFileType = sourcecode.c.h; fileEncoding = 30; name = ftVelocityMask.h; path = ../../../addons/ofxFlowTools/src/mask/ftVelocityMask.h; sourceTree = SOURCE_ROOT; };
		7DA7256623799FC90D026588 /* ftVorticityFirstPassShader.h */ = {isa = PBXFileReference; explicitFileType = sourcecode.c.h; fileEncoding = 30; name = ftVorticityFirstPassShader.h; path = ../../../addons/ofxFlowTools/src/fluid/ftVorticityFirstPassShader.h; sourceTree = SOURCE_ROOT; };
		802251BAF1B35B1D67B32FD0 /* ofxSliderGroup.cpp */ = {isa = PBXFileReference; explicitFileType = sourcecode.cpp.cpp; fileEncoding = 30; name = ofxSliderGroup.cpp; path = ../../../addons/ofxGui/src/ofxSliderGroup.cpp; sourceTree = SOURCE_ROOT; };
		867E954A21766F59506D60AA /* ftDiffuseShader.h */ = {isa = PBXFileReference; explicitFileType = sourcecode.c.h; fileEncoding = 30; name = ftDiffuseShader.h; path = ../../../addons/ofxFlowTools/src/fluid/ftDiffuseShader.h; sourceTree = SOURCE_ROOT; };
		87F26B4B24CBD428AD9EEBAA /* ofxBaseGui.h */ = {isa = PBXFileReference; explicitFileType = sourcecode.c.h; fileEncoding = 30; name = ofxBaseGui.h; path = ../../../addons/ofxGui/src/ofxBaseGui.h; sourceTree = SOURCE_ROOT; };
		89449E3044D456F7DE7BEA14 /* ofxPanel.h */ = {isa = PBXFileReference; explicitFileType = sourcecode.c.h; fileEncoding = 30; name = ofxPanel.h; path = ../../../addons/ofxGui/src/ofxPanel.h; sourceTree = SOURCE_ROOT; };
		8FDFCC972FD8649F027E03F1 /* ftVTFieldShader.h */ = {isa = PBXFileReference; explicitFileType = sourcecode.c.h; fileEncoding = 30; name = ftVTFieldShader.h; path = ../../../addons/ofxFlowTools/src/visualisation/ftVTFieldShader.h; sourceTree = SOURCE_ROOT; };
		907C5B5E104864A2D3A25745 /* ofxToggle.cpp */ = {isa = PBXFileReference; explicitFileType = sourcecode.cpp.cpp; fileEncoding = 30; name = ofxToggle.cpp; path = ../../../addons/ofxGui/src/ofxToggle.cpp; sourceTree = SOURCE_ROOT; };
		91E4DFA41B914CDAD9DC657F /* ftParticleFlow.h */ = {isa = PBXFileReference; explicitFileType = sourcecode.c.h; fileEncoding = 30; name = ftParticleFlow.h; path = ../../../addons/ofxFlowTools/src/particles/ftParticleFlow.h; sourceTree = SOURCE_ROOT; };
		955707CBA6B73CF01FA026E4 /* ftToScalarShader.h */ = {isa = PBXFileReference; explicitFileType = sourcecode.c.h; fileEncoding = 30; name = ftToScalarShader.h; path = ../../../addons/ofxFlowTools/src/tools/ftToScalarShader.h; sourceTree = SOURCE_ROOT; };
		9604B925D32EE39065747725 /* ofxBaseGui.cpp */ = {isa = PBXFileReference; explicitFileType = sourcecode.cpp.cpp; fileEncoding = 30; name = ofxBaseGui.cpp; path = ../../../addons/ofxGui/src/ofxBaseGui.cpp; sourceTree = SOURCE_ROOT; };
		9CF10D042A526051F4A18AEE /* ftSwapFbo.h */ = {isa = PBXFileReference; explicitFileType = sourcecode.c.h; fileEncoding = 30; name = ftSwapFbo.h; path = ../../../addons/ofxFlowTools/src/ftSwapFbo.h; sourceTree = SOURCE_ROOT; };
		A0D72BA6AD4705A413189CDE /* ftAverageVelocity.h */ = {isa = PBXFileReference; explicitFileType = sourcecode.c.h; fileEncoding = 30; name = ftAverageVelocity.h; path = ../../../addons/ofxFlowTools/src/tools/ftAverageVelocity.h; sourceTree = SOURCE_ROOT; };
		A98A79BA680075F120686FF9 /* ftDrawForceShader.h */ = {isa = PBXFileReference; explicitFileType = sourcecode.c.h; fileEncoding = 30; name = ftDrawForceShader.h; path = ../../../addons/ofxFlowTools/src/drawforces/ftDrawForceShader.h; sourceTree = SOURCE_ROOT; };
		AD4BAB412F2EAE29DEEF7D5E /* ftOpticalFlow.cpp */ = {isa = PBXFileReference; explicitFileType = sourcecode.cpp.cpp; fileEncoding = 30; name = ftOpticalFlow.cpp; path = ../../../addons/ofxFlowTools/src/opticalflow/ftOpticalFlow.cpp; sourceTree = SOURCE_ROOT; };
		AD963F29ED47D3E0992632AC /* ftDrawMouseForces.h */ = {isa = PBXFileReference; explicitFileType = sourcecode.c.h; fileEncoding = 30; name = ftDrawMouseForces.h; path = ../../../addons/ofxFlowTools/src/drawforces/ftDrawMouseForces.h; sourceTree = SOURCE_ROOT; };
		B2E3173A4D18A2093E23E15B /* ftSmokeBuoyancyShader.h */ = {isa = PBXFileReference; explicitFileType = sourcecode.c.h; fileEncoding = 30; name = ftSmokeBuoyancyShader.h; path = ../../../addons/ofxFlowTools/src/fluid/ftSmokeBuoyancyShader.h; sourceTree = SOURCE_ROOT; };
		B3BEDE60A8F42C523D685523 /* ftToScalar.h */ = {isa = PBXFileReference; explicitFileType = sourcecode.c.h; fileEncoding = 30; name = ftToScalar.h; path = ../../../addons/ofxFlowTools/src/tools/ftToScalar.h; sourceTree = SOURCE_ROOT; };
		B42CD7B8F98140BEC49B9DC4 /* ftVelocityFieldShader.h */ = {isa = PBXFileReference; explicitFileType = sourcecode.c.h; fileEncoding = 30; name = ftVelocityFieldShader.h; path = ../../../addons/ofxFlowTools/src/visualisation/ftVelocityFieldShader.h; sourceTree = SOURCE_ROOT; };
		B51E9F1DB42CBC60E6BE7C5C /* ftShader.h */ = {isa = PBXFileReference; explicitFileType = sourcecode.c.h; fileEncoding = 30; name = ftShader.h; path = ../../../addons/ofxFlowTools/src/ftShader.h; sourceTree = SOURCE_ROOT; };
		B87C60311EC1FE841C1ECD89 /* ofxLabel.h */ = {isa = PBXFileReference; explicitFileType = sourcecode.c.h; fileEncoding = 30; name = ofxLabel.h; path = ../../../addons/ofxGui/src/ofxLabel.h; sourceTree = SOURCE_ROOT; };
		B88CE3FFB1AF13DBFA4132F0 /* ftContrastShader.h */ = {isa = PBXFileReference; explicitFileType = sourcecode.c.h; fileEncoding = 30; name = ftContrastShader.h; path = ../../../addons/ofxFlowTools/src/filters/ftContrastShader.h; sourceTree = SOURCE_ROOT; };
		C3036967D3EA0A46094A4F6C /* ftSubstractGradientShader.h */ = {isa = PBXFileReference; explicitFileType = sourcecode.c.h; fileEncoding = 30; name = ftSubstractGradientShader.h; path = ../../../addons/ofxFlowTools/src/fluid/ftSubstractGradientShader.h; sourceTree = SOURCE_ROOT; };
		C3ACE7270C15F3C172093377 /* ftVelocityMaskShader.h */ = {isa = PBXFileReference; explicitFileType = sourcecode.c.h; fileEncoding = 30; name = ftVelocityMaskShader.h; path = ../../../addons/ofxFlowTools/src/mask/ftVelocityMaskShader.h; sourceTree = SOURCE_ROOT; };
		C70D8946940288799E82131E /* ofxSliderGroup.h */ = {isa = PBXFileReference; explicitFileType = sourcecode.c.h; fileEncoding = 30; name = ofxSliderGroup.h; path = ../../../addons/ofxGui/src/ofxSliderGroup.h; sourceTree = SOURCE_ROOT; };
		C88333E71C9457E441C33474 /* ofxButton.cpp */ = {isa = PBXFileReference; explicitFileType = sourcecode.cpp.cpp; fileEncoding = 30; name = ofxButton.cpp; path = ../../../addons/ofxGui/src/ofxButton.cpp; sourceTree = SOURCE_ROOT; };
		D20F3D291C31DF2956A11119 /* ftVelocitySpheres.h */ = {isa = PBXFileReference; explicitFileType = sourcecode.c.h; fileEncoding = 30; name = ftVelocitySpheres.h; path = ../../../addons/ofxFlowTools/src/visualisation/ftVelocitySpheres.h; sourceTree = SOURCE_ROOT; };
		DED8C6880DF40E41286EB145 /* ftDensityVec2Multiplier.h */ = {isa = PBXFileReference; explicitFileType = sourcecode.c.h; fileEncoding = 30; name = ftDensityVec2Multiplier.h; path = ../../../addons/ofxFlowTools/src/tools/ftDensityVec2Multiplier.h; sourceTree = SOURCE_ROOT; };
		E112B3AEBEA2C091BF2B40AE /* ofxPanel.cpp */ = {isa = PBXFileReference; explicitFileType = sourcecode.cpp.cpp; fileEncoding = 30; name = ofxPanel.cpp; path = ../../../addons/ofxGui/src/ofxPanel.cpp; sourceTree = SOURCE_ROOT; };
		E15025CCDB7261BAB1093B8F /* ftVTField.h */ = {isa = PBXFileReference; explicitFileType = sourcecode.c.h; fileEncoding = 30; name = ftVTField.h; path = ../../../addons/ofxFlowTools/src/visualisation/ftVTField.h; sourceTree = SOURCE_ROOT; };
		E3D43EDDBF7078A5B1BB987A /* ftDrawForce.h */ = {isa = PBXFileReference; explicitFileType = sourcecode.c.h; fileEncoding = 30; name = ftDrawForce.h; path = ../../../addons/ofxFlowTools/src/drawforces/ftDrawForce.h; sourceTree = SOURCE_ROOT; };
		E3D886AF0718D649FD059D29 /* ftTimeBlurShader.h */ = {isa = PBXFileReference; explicitFileType = sourcecode.c.h; fileEncoding = 30; name = ftTimeBlurShader.h; path = ../../../addons/ofxFlowTools/src/filters/ftTimeBlurShader.h; sourceTree = SOURCE_ROOT; };
		E4328143138ABC890047C5CB /* openFrameworksLib.xcodeproj */ = {isa = PBXFileReference; lastKnownFileType = "wrapper.pb-project"; name = openFrameworksLib.xcodeproj; path = ../../../libs/openFrameworksCompiled/project/osx/openFrameworksLib.xcodeproj; sourceTree = SOURCE_ROOT; };
		E4B69B5B0A3A1756003C02F2 /* exampleDebug.app */ = {isa = PBXFileReference; explicitFileType = wrapper.application; includeInIndex = 0; path = exampleDebug.app; sourceTree = BUILT_PRODUCTS_DIR; };
		E4B69E1D0A3A1BDC003C02F2 /* main.cpp */ = {isa = PBXFileReference; fileEncoding = 30; lastKnownFileType = sourcecode.cpp.cpp; name = main.cpp; path = src/main.cpp; sourceTree = SOURCE_ROOT; };
		E4B69E1E0A3A1BDC003C02F2 /* ofApp.cpp */ = {isa = PBXFileReference; explicitFileType = sourcecode.cpp.cpp; fileEncoding = 30; name = ofApp.cpp; path = src/ofApp.cpp; sourceTree = SOURCE_ROOT; };
		E4B69E1F0A3A1BDC003C02F2 /* ofApp.h */ = {isa = PBXFileReference; fileEncoding = 30; lastKnownFileType = sourcecode.c.h; name = ofApp.h; path = src/ofApp.h; sourceTree = SOURCE_ROOT; };
		E4B6FCAD0C3E899E008CF71C /* openFrameworks-Info.plist */ = {isa = PBXFileReference; fileEncoding = 30; lastKnownFileType = text.plist.xml; path = "openFrameworks-Info.plist"; sourceTree = "<group>"; };
		E4EB691F138AFCF100A09F29 /* CoreOF.xcconfig */ = {isa = PBXFileReference; fileEncoding = 4; lastKnownFileType = text.xcconfig; name = CoreOF.xcconfig; path = ../../../libs/openFrameworksCompiled/project/osx/CoreOF.xcconfig; sourceTree = SOURCE_ROOT; };
		E4EB6923138AFD0F00A09F29 /* Project.xcconfig */ = {isa = PBXFileReference; fileEncoding = 4; lastKnownFileType = text.xcconfig; path = Project.xcconfig; sourceTree = "<group>"; };
		E50C7A54C55A97AD0BE994BD /* ftEOGShader.h */ = {isa = PBXFileReference; explicitFileType = sourcecode.c.h; fileEncoding = 30; name = ftEOGShader.h; path = ../../../addons/ofxFlowTools/src/filters/ftEOGShader.h; sourceTree = SOURCE_ROOT; };
		E689C8FF125A3591EA6D2F74 /* ftTemperatureFieldShader.h */ = {isa = PBXFileReference; explicitFileType = sourcecode.c.h; fileEncoding = 30; name = ftTemperatureFieldShader.h; path = ../../../addons/ofxFlowTools/src/visualisation/ftTemperatureFieldShader.h; sourceTree = SOURCE_ROOT; };
		E72B777EB52EE65388354685 /* ftFluidSimulation.h */ = {isa = PBXFileReference; explicitFileType = sourcecode.c.h; fileEncoding = 30; name = ftFluidSimulation.h; path = ../../../addons/ofxFlowTools/src/fluid/ftFluidSimulation.h; sourceTree = SOURCE_ROOT; };
		EC4179AA42E82A975E5EDC50 /* ftParticleFlow.cpp */ = {isa = PBXFileReference; explicitFileType = sourcecode.cpp.cpp; fileEncoding = 30; name = ftParticleFlow.cpp; path = ../../../addons/ofxFlowTools/src/particles/ftParticleFlow.cpp; sourceTree = SOURCE_ROOT; };
		EC7010EF6B37BFA1C8980BD5 /* ftPressureFieldShader.h */ = {isa = PBXFileReference; explicitFileType = sourcecode.c.h; fileEncoding = 30; name = ftPressureFieldShader.h; path = ../../../addons/ofxFlowTools/src/visualisation/ftPressureFieldShader.h; sourceTree = SOURCE_ROOT; };
		ECF8674C7975F1063C5E30CA /* ofxGuiGroup.cpp */ = {isa = PBXFileReference; explicitFileType = sourcecode.cpp.cpp; fileEncoding = 30; name = ofxGuiGroup.cpp; path = ../../../addons/ofxGui/src/ofxGuiGroup.cpp; sourceTree = SOURCE_ROOT; };
		F430932D8FF3D3EFBF775672 /* ftAgeLifespanMassSizeParticleShader.h */ = {isa = PBXFileReference; explicitFileType = sourcecode.c.h; fileEncoding = 30; name = ftAgeLifespanMassSizeParticleShader.h; path = ../../../addons/ofxFlowTools/src/particles/ftAgeLifespanMassSizeParticleShader.h; sourceTree = SOURCE_ROOT; };
		FBE502D279817680D2C770AA /* ftSwapBuffer.h */ = {isa = PBXFileReference; explicitFileType = sourcecode.c.h; fileEncoding = 30; name = ftSwapBuffer.h; path = ../../../addons/ofxFlowTools/src/ftSwapBuffer.h; sourceTree = SOURCE_ROOT; };
/* End PBXFileReference section */

/* Begin PBXFrameworksBuildPhase section */
		E4B69B590A3A1756003C02F2 /* Frameworks */ = {
			isa = PBXFrameworksBuildPhase;
			buildActionMask = 2147483647;
			files = (
				E4328149138ABC9F0047C5CB /* openFrameworksDebug.a in Frameworks */,
			);
			runOnlyForDeploymentPostprocessing = 0;
		};
/* End PBXFrameworksBuildPhase section */

/* Begin PBXGroup section */
		06229F9D060DC0680D315E4D /* src */ = {
			isa = PBXGroup;
			children = (
				D2ECBAF5C76F2A8E38DCECB5 /* drawforces */,
				6A5F6297ACB44A1F73F27B75 /* filters */,
				37042A211B67E7AAE7F66BED /* fluid */,
				18BDF8D6A9DDAA063D9BB02C /* ftFbo.h */,
				B51E9F1DB42CBC60E6BE7C5C /* ftShader.h */,
				FBE502D279817680D2C770AA /* ftSwapBuffer.h */,
				9CF10D042A526051F4A18AEE /* ftSwapFbo.h */,
				C9D1A917FDDA4767EE0F003A /* mask */,
				5508BA8EE5492442AADB5621 /* ofxFlowTools.h */,
				409F4945999998D29A65827E /* opticalflow */,
				FFEF4C14324021333F122BE8 /* particles */,
				6E097110330F60F3FF60028D /* tools */,
				3921884BF51EF7661ED64724 /* visualisation */,
			);
			name = src;
			sourceTree = "<group>";
		};
		191D5B5C65CA5D1BE82F2030 /* ofxFlowTools */ = {
			isa = PBXGroup;
			children = (
				06229F9D060DC0680D315E4D /* src */,
			);
			name = ofxFlowTools;
			sourceTree = "<group>";
		};
		37042A211B67E7AAE7F66BED /* fluid */ = {
			isa = PBXGroup;
			children = (
				43B813EE6486AF5708B4819F /* ftAdvectShader.h */,
				867E954A21766F59506D60AA /* ftDiffuseShader.h */,
				25DEB436D7353F73022E3E0D /* ftDivergenceShader.h */,
				66EA260B157526C716077F8A /* ftFluidSimulation.cpp */,
				E72B777EB52EE65388354685 /* ftFluidSimulation.h */,
				370832EA91F18DBADF08ACFD /* ftJacobiShader.h */,
				B2E3173A4D18A2093E23E15B /* ftSmokeBuoyancyShader.h */,
				C3036967D3EA0A46094A4F6C /* ftSubstractGradientShader.h */,
				7DA7256623799FC90D026588 /* ftVorticityFirstPassShader.h */,
				42D777736471997687201F89 /* ftVorticitySecondPassShader.h */,
			);
			name = fluid;
			sourceTree = "<group>";
		};
		3921884BF51EF7661ED64724 /* visualisation */ = {
			isa = PBXGroup;
			children = (
				78892BE71A2A8C4E89AFD9DA /* ftDisplayScalar.h */,
				78418FB83DBBD3883FB4AA8A /* ftDisplayScalarShader.h */,
				46B405043F51DC91A93FB390 /* ftPressureField.h */,
				EC7010EF6B37BFA1C8980BD5 /* ftPressureFieldShader.h */,
				07818DEA3E42B969F242F634 /* ftTemperatureField.h */,
				E689C8FF125A3591EA6D2F74 /* ftTemperatureFieldShader.h */,
				0D418D07961710BA2605389F /* ftVelocityField.h */,
				B42CD7B8F98140BEC49B9DC4 /* ftVelocityFieldShader.h */,
				D20F3D291C31DF2956A11119 /* ftVelocitySpheres.h */,
				141AF1017959EBF9939C1BD1 /* ftVelocitySpheresShader.h */,
				E15025CCDB7261BAB1093B8F /* ftVTField.h */,
				8FDFCC972FD8649F027E03F1 /* ftVTFieldShader.h */,
			);
			name = visualisation;
			sourceTree = "<group>";
		};
		409F4945999998D29A65827E /* opticalflow */ = {
			isa = PBXGroup;
			children = (
				AD4BAB412F2EAE29DEEF7D5E /* ftOpticalFlow.cpp */,
				1E9471F754EB7EE1B0CC0D1F /* ftOpticalFlow.h */,
				04CE6A84FA111F88EB08CDAA /* ftOpticalFlowShader.h */,
			);
			name = opticalflow;
			sourceTree = "<group>";
		};
		480A780D8D0308AE4A368801 /* ofxGui */ = {
			isa = PBXGroup;
			children = (
				A763ED608B35AE3310251DEE /* src */,
			);
			name = ofxGui;
			sourceTree = "<group>";
		};
		6948EE371B920CB800B5AC1A /* local_addons */ = {
			isa = PBXGroup;
			children = (
			);
			name = local_addons;
			sourceTree = "<group>";
		};
		6A5F6297ACB44A1F73F27B75 /* filters */ = {
			isa = PBXGroup;
			children = (
				B88CE3FFB1AF13DBFA4132F0 /* ftContrastShader.h */,
				E50C7A54C55A97AD0BE994BD /* ftEOGShader.h */,
				253346E9CF7A7617C548092F /* ftGaussianBlurShader.h */,
				4E5273AB4C11B2F746600298 /* ftHSLShader.h */,
				71D7178293405647AB85798E /* ftLuminanceShader.h */,
				E3D886AF0718D649FD059D29 /* ftTimeBlurShader.h */,
				0B6EE04E1C6B7970008AC5DE /* ftDecayShader.h */,
			);
			name = filters;
			sourceTree = "<group>";
		};
		6E097110330F60F3FF60028D /* tools */ = {
			isa = PBXGroup;
			children = (
				2BBCAAB5F0183A520E795182 /* ftAddForceShader.h */,
				5250BCAC86C0139070F38127 /* ftAverageVelocity.cpp */,
				A0D72BA6AD4705A413189CDE /* ftAverageVelocity.h */,
				729C4BECC00653460D5F2938 /* ftClampLengthShader.h */,
				4DA9F46F475B1AA6CDDC166C /* ftDensityFloatMultiplier.h */,
				DED8C6880DF40E41286EB145 /* ftDensityVec2Multiplier.h */,
				4CE5EFD9C3D870801C4A2CAD /* ftRedToLuminanceShader.h */,
				B3BEDE60A8F42C523D685523 /* ftToScalar.h */,
				955707CBA6B73CF01FA026E4 /* ftToScalarShader.h */,
			);
			name = tools;
			sourceTree = "<group>";
		};
		A763ED608B35AE3310251DEE /* src */ = {
			isa = PBXGroup;
			children = (
				9604B925D32EE39065747725 /* ofxBaseGui.cpp */,
				87F26B4B24CBD428AD9EEBAA /* ofxBaseGui.h */,
				C88333E71C9457E441C33474 /* ofxButton.cpp */,
				2834D88A62CD23F3DE2C47D1 /* ofxButton.h */,
				17E65988300FBD9AAA2CD0CA /* ofxGui.h */,
				ECF8674C7975F1063C5E30CA /* ofxGuiGroup.cpp */,
				1C0DA2561397A7DE0246858B /* ofxGuiGroup.h */,
				78D67A00EB899FAC09430597 /* ofxLabel.cpp */,
				B87C60311EC1FE841C1ECD89 /* ofxLabel.h */,
				E112B3AEBEA2C091BF2B40AE /* ofxPanel.cpp */,
				89449E3044D456F7DE7BEA14 /* ofxPanel.h */,
				15F2C6477A769C03A56D1401 /* ofxSlider.cpp */,
				52AFA1F08C420992CAAAE648 /* ofxSlider.h */,
				802251BAF1B35B1D67B32FD0 /* ofxSliderGroup.cpp */,
				C70D8946940288799E82131E /* ofxSliderGroup.h */,
				907C5B5E104864A2D3A25745 /* ofxToggle.cpp */,
				0A1DAC09F322AE313A40706D /* ofxToggle.h */,
			);
			name = src;
			sourceTree = "<group>";
		};
		BB4B014C10F69532006C3DED /* addons */ = {
			isa = PBXGroup;
			children = (
				191D5B5C65CA5D1BE82F2030 /* ofxFlowTools */,
				480A780D8D0308AE4A368801 /* ofxGui */,
			);
			name = addons;
			sourceTree = "<group>";
		};
		C9D1A917FDDA4767EE0F003A /* mask */ = {
			isa = PBXGroup;
			children = (
				6591B66F774811D0B071DDB7 /* ftVelocityMask.cpp */,
				7D255B4D67A5C2A9D8A45DBD /* ftVelocityMask.h */,
				C3ACE7270C15F3C172093377 /* ftVelocityMaskShader.h */,
			);
			name = mask;
			sourceTree = "<group>";
		};
		D2ECBAF5C76F2A8E38DCECB5 /* drawforces */ = {
			isa = PBXGroup;
			children = (
				6A092AB6F7172A3547F3C6E4 /* ftDrawForce.cpp */,
				E3D43EDDBF7078A5B1BB987A /* ftDrawForce.h */,
				A98A79BA680075F120686FF9 /* ftDrawForceShader.h */,
				30A7D289BFD058F2CF626BC0 /* ftDrawMouseForces.cpp */,
				AD963F29ED47D3E0992632AC /* ftDrawMouseForces.h */,
			);
			name = drawforces;
			sourceTree = "<group>";
		};
		E4328144138ABC890047C5CB /* Products */ = {
			isa = PBXGroup;
			children = (
				E4328148138ABC890047C5CB /* openFrameworksDebug.a */,
			);
			name = Products;
			sourceTree = "<group>";
		};
		E4B69B4A0A3A1720003C02F2 = {
			isa = PBXGroup;
			children = (
				E4B6FCAD0C3E899E008CF71C /* openFrameworks-Info.plist */,
				E4EB6923138AFD0F00A09F29 /* Project.xcconfig */,
				0B0A4F8D1CBC55B900B835CC /* README.md */,
				E4B69E1C0A3A1BDC003C02F2 /* src */,
				E4EEC9E9138DF44700A80321 /* openFrameworks */,
				BB4B014C10F69532006C3DED /* addons */,
				6948EE371B920CB800B5AC1A /* local_addons */,
				E4B69B5B0A3A1756003C02F2 /* exampleDebug.app */,
			);
			sourceTree = "<group>";
		};
		E4B69E1C0A3A1BDC003C02F2 /* src */ = {
			isa = PBXGroup;
			children = (
				E4B69E1D0A3A1BDC003C02F2 /* main.cpp */,
				E4B69E1E0A3A1BDC003C02F2 /* ofApp.cpp */,
				E4B69E1F0A3A1BDC003C02F2 /* ofApp.h */,
			);
			path = src;
			sourceTree = SOURCE_ROOT;
		};
		E4EEC9E9138DF44700A80321 /* openFrameworks */ = {
			isa = PBXGroup;
			children = (
				E4EB691F138AFCF100A09F29 /* CoreOF.xcconfig */,
				E4328143138ABC890047C5CB /* openFrameworksLib.xcodeproj */,
			);
			name = openFrameworks;
			sourceTree = "<group>";
		};
		FFEF4C14324021333F122BE8 /* particles */ = {
			isa = PBXGroup;
			children = (
				F430932D8FF3D3EFBF775672 /* ftAgeLifespanMassSizeParticleShader.h */,
				22757F50E29B6C4E2020B4BE /* ftDrawParticleShader.h */,
				28ACBF0B88C18B573D06F071 /* ftInitPositionShader.h */,
				5BAA25ECC443288AC1701455 /* ftMoveParticleShader.h */,
				EC4179AA42E82A975E5EDC50 /* ftParticleFlow.cpp */,
				91E4DFA41B914CDAD9DC657F /* ftParticleFlow.h */,
			);
			name = particles;
			sourceTree = "<group>";
		};
/* End PBXGroup section */

/* Begin PBXNativeTarget section */
		E4B69B5A0A3A1756003C02F2 /* example */ = {
			isa = PBXNativeTarget;
			buildConfigurationList = E4B69B5F0A3A1757003C02F2 /* Build configuration list for PBXNativeTarget "example" */;
			buildPhases = (
				E4B69B580A3A1756003C02F2 /* Sources */,
				E4B69B590A3A1756003C02F2 /* Frameworks */,
				E4B6FFFD0C3F9AB9008CF71C /* ShellScript */,
				E4C2427710CC5ABF004149E2 /* CopyFiles */,
			);
			buildRules = (
			);
			dependencies = (
				E4EEB9AC138B136A00A80321 /* PBXTargetDependency */,
			);
			name = example;
			productName = myOFApp;
			productReference = E4B69B5B0A3A1756003C02F2 /* exampleDebug.app */;
			productType = "com.apple.product-type.application";
		};
/* End PBXNativeTarget section */

/* Begin PBXProject section */
		E4B69B4C0A3A1720003C02F2 /* Project object */ = {
			isa = PBXProject;
			attributes = {
				LastUpgradeCheck = 0600;
			};
			buildConfigurationList = E4B69B4D0A3A1720003C02F2 /* Build configuration list for PBXProject "example" */;
			compatibilityVersion = "Xcode 3.2";
			developmentRegion = English;
			hasScannedForEncodings = 0;
			knownRegions = (
				English,
				Japanese,
				French,
				German,
			);
			mainGroup = E4B69B4A0A3A1720003C02F2;
			productRefGroup = E4B69B4A0A3A1720003C02F2;
			projectDirPath = "";
			projectReferences = (
				{
					ProductGroup = E4328144138ABC890047C5CB /* Products */;
					ProjectRef = E4328143138ABC890047C5CB /* openFrameworksLib.xcodeproj */;
				},
			);
			projectRoot = "";
			targets = (
				E4B69B5A0A3A1756003C02F2 /* example */,
			);
		};
/* End PBXProject section */

/* Begin PBXReferenceProxy section */
		E4328148138ABC890047C5CB /* openFrameworksDebug.a */ = {
			isa = PBXReferenceProxy;
			fileType = archive.ar;
			path = openFrameworksDebug.a;
			remoteRef = E4328147138ABC890047C5CB /* PBXContainerItemProxy */;
			sourceTree = BUILT_PRODUCTS_DIR;
		};
/* End PBXReferenceProxy section */

/* Begin PBXShellScriptBuildPhase section */
		E4B6FFFD0C3F9AB9008CF71C /* ShellScript */ = {
			isa = PBXShellScriptBuildPhase;
			buildActionMask = 2147483647;
			files = (
			);
			inputPaths = (
			);
			outputPaths = (
			);
			runOnlyForDeploymentPostprocessing = 0;
			shellPath = /bin/sh;
			shellScript = "rsync -aved ../../../libs/fmodex/lib/osx/libfmodex.dylib \"$TARGET_BUILD_DIR/$PRODUCT_NAME.app/Contents/MacOS/\"; install_name_tool -change ./libfmodex.dylib @executable_path/libfmodex.dylib \"$TARGET_BUILD_DIR/$PRODUCT_NAME.app/Contents/MacOS/$PRODUCT_NAME\";\nmkdir -p \"$TARGET_BUILD_DIR/$PRODUCT_NAME.app/Contents/Resources/\"\nrsync -aved \"$ICON_FILE\" \"$TARGET_BUILD_DIR/$PRODUCT_NAME.app/Contents/Resources/\"\nrsync -aved ../../../libs/glut/lib/osx/GLUT.framework \"$TARGET_BUILD_DIR/$PRODUCT_NAME.app/Contents/Frameworks/\"\n";
		};
/* End PBXShellScriptBuildPhase section */

/* Begin PBXSourcesBuildPhase section */
		E4B69B580A3A1756003C02F2 /* Sources */ = {
			isa = PBXSourcesBuildPhase;
			buildActionMask = 2147483647;
			files = (
				E4B69E200A3A1BDC003C02F2 /* main.cpp in Sources */,
				E4B69E210A3A1BDC003C02F2 /* ofApp.cpp in Sources */,
				4166D6A6757F613CED499577 /* ftDrawForce.cpp in Sources */,
				F75A96FFB5CA3A70D0903987 /* ftDrawMouseForces.cpp in Sources */,
				AFBC335CC80DC27DCC9E70D7 /* ftFluidSimulation.cpp in Sources */,
				D1C26E826A2EA39A4D25FF84 /* ftVelocityMask.cpp in Sources */,
				0B0A4F8E1CBC55B900B835CC /* README.md in Sources */,
				54FAC54E7E1116A49955101E /* ftOpticalFlow.cpp in Sources */,
				77FBBEE103C3E71E8C9510E0 /* ftParticleFlow.cpp in Sources */,
				8EA04B616D228D22AEC6C9C8 /* ftAverageVelocity.cpp in Sources */,
				856AA354D08AB4B323081444 /* ofxBaseGui.cpp in Sources */,
				5CBB2AB3A60F65431D7B555D /* ofxButton.cpp in Sources */,
				B266578FC55D23BFEBC042E7 /* ofxGuiGroup.cpp in Sources */,
				483908258D00B98B4BE69F07 /* ofxLabel.cpp in Sources */,
				F285EB3169F1566CA3D93C20 /* ofxPanel.cpp in Sources */,
				837220E80EB56CD44AD27F2A /* ofxSlider.cpp in Sources */,
				B56FE57CC35806596D38118C /* ofxSliderGroup.cpp in Sources */,
				1CD33E884D9E3358252E82A1 /* ofxToggle.cpp in Sources */,
			);
			runOnlyForDeploymentPostprocessing = 0;
		};
/* End PBXSourcesBuildPhase section */

/* Begin PBXTargetDependency section */
		E4EEB9AC138B136A00A80321 /* PBXTargetDependency */ = {
			isa = PBXTargetDependency;
			name = openFrameworks;
			targetProxy = E4EEB9AB138B136A00A80321 /* PBXContainerItemProxy */;
		};
/* End PBXTargetDependency section */

/* Begin XCBuildConfiguration section */
		E4B69B4E0A3A1720003C02F2 /* Debug */ = {
			isa = XCBuildConfiguration;
			baseConfigurationReference = E4EB6923138AFD0F00A09F29 /* Project.xcconfig */;
			buildSettings = {
				CONFIGURATION_BUILD_DIR = "$(SRCROOT)/bin/";
				COPY_PHASE_STRIP = NO;
				DEAD_CODE_STRIPPING = YES;
				GCC_AUTO_VECTORIZATION = YES;
				GCC_ENABLE_SSE3_EXTENSIONS = YES;
				GCC_ENABLE_SUPPLEMENTAL_SSE3_INSTRUCTIONS = YES;
				GCC_INLINES_ARE_PRIVATE_EXTERN = NO;
				GCC_OPTIMIZATION_LEVEL = 0;
				GCC_SYMBOLS_PRIVATE_EXTERN = NO;
				GCC_WARN_ABOUT_DEPRECATED_FUNCTIONS = YES;
				GCC_WARN_ABOUT_INVALID_OFFSETOF_MACRO = NO;
				GCC_WARN_ALLOW_INCOMPLETE_PROTOCOL = NO;
				GCC_WARN_UNINITIALIZED_AUTOS = NO;
				GCC_WARN_UNUSED_VALUE = NO;
				GCC_WARN_UNUSED_VARIABLE = NO;
				HEADER_SEARCH_PATHS = (
					"$(OF_CORE_HEADERS)",
					src,
					../../../addons/ofxFlowTools/src,
					../../../addons/ofxFlowTools/src/drawforces,
					../../../addons/ofxFlowTools/src/filters,
					../../../addons/ofxFlowTools/src/fluid,
					../../../addons/ofxFlowTools/src/mask,
					../../../addons/ofxFlowTools/src/opticalflow,
					../../../addons/ofxFlowTools/src/particles,
					../../../addons/ofxFlowTools/src/tools,
					../../../addons/ofxFlowTools/src/visualisation,
					../../../addons/ofxGui/src,
				);
				MACOSX_DEPLOYMENT_TARGET = 10.8;
				ONLY_ACTIVE_ARCH = YES;
				OTHER_CPLUSPLUSFLAGS = (
					"-D__MACOSX_CORE__",
					"-mtune=native",
				);
				SDKROOT = macosx;
			};
			name = Debug;
		};
		E4B69B4F0A3A1720003C02F2 /* Release */ = {
			isa = XCBuildConfiguration;
			baseConfigurationReference = E4EB6923138AFD0F00A09F29 /* Project.xcconfig */;
			buildSettings = {
				CONFIGURATION_BUILD_DIR = "$(SRCROOT)/bin/";
				COPY_PHASE_STRIP = YES;
				DEAD_CODE_STRIPPING = YES;
				GCC_AUTO_VECTORIZATION = YES;
				GCC_ENABLE_SSE3_EXTENSIONS = YES;
				GCC_ENABLE_SUPPLEMENTAL_SSE3_INSTRUCTIONS = YES;
				GCC_INLINES_ARE_PRIVATE_EXTERN = NO;
				GCC_OPTIMIZATION_LEVEL = 3;
				GCC_SYMBOLS_PRIVATE_EXTERN = NO;
				GCC_UNROLL_LOOPS = YES;
				GCC_WARN_ABOUT_DEPRECATED_FUNCTIONS = YES;
				GCC_WARN_ABOUT_INVALID_OFFSETOF_MACRO = NO;
				GCC_WARN_ALLOW_INCOMPLETE_PROTOCOL = NO;
				GCC_WARN_UNINITIALIZED_AUTOS = NO;
				GCC_WARN_UNUSED_VALUE = NO;
				GCC_WARN_UNUSED_VARIABLE = NO;
				HEADER_SEARCH_PATHS = (
					"$(OF_CORE_HEADERS)",
					src,
					../../../addons/ofxFlowTools/src,
					../../../addons/ofxFlowTools/src/drawforces,
					../../../addons/ofxFlowTools/src/filters,
					../../../addons/ofxFlowTools/src/fluid,
					../../../addons/ofxFlowTools/src/mask,
					../../../addons/ofxFlowTools/src/opticalflow,
					../../../addons/ofxFlowTools/src/particles,
					../../../addons/ofxFlowTools/src/tools,
					../../../addons/ofxFlowTools/src/visualisation,
					../../../addons/ofxGui/src,
				);
				MACOSX_DEPLOYMENT_TARGET = 10.8;
				OTHER_CPLUSPLUSFLAGS = (
					"-D__MACOSX_CORE__",
					"-mtune=native",
				);
				SDKROOT = macosx;
			};
			name = Release;
		};
		E4B69B600A3A1757003C02F2 /* Debug */ = {
			isa = XCBuildConfiguration;
			baseConfigurationReference = E4EB6923138AFD0F00A09F29 /* Project.xcconfig */;
			buildSettings = {
				COMBINE_HIDPI_IMAGES = YES;
				COPY_PHASE_STRIP = NO;
				FRAMEWORK_SEARCH_PATHS = (
					"$(inherited)",
					"$(FRAMEWORK_SEARCH_PATHS_QUOTED_FOR_TARGET_1)",
				);
				FRAMEWORK_SEARCH_PATHS_QUOTED_FOR_TARGET_1 = "\"$(SRCROOT)/../../../libs/glut/lib/osx\"";
				GCC_DYNAMIC_NO_PIC = NO;
				GCC_GENERATE_DEBUGGING_SYMBOLS = YES;
				GCC_MODEL_TUNING = NONE;
				HEADER_SEARCH_PATHS = (
					"$(OF_CORE_HEADERS)",
					src,
					../../../addons/ofxFlowTools/src,
					../../../addons/ofxFlowTools/src/drawforces,
					../../../addons/ofxFlowTools/src/filters,
					../../../addons/ofxFlowTools/src/fluid,
					../../../addons/ofxFlowTools/src/mask,
					../../../addons/ofxFlowTools/src/opticalflow,
					../../../addons/ofxFlowTools/src/particles,
					../../../addons/ofxFlowTools/src/tools,
					../../../addons/ofxFlowTools/src/visualisation,
					../../../addons/ofxGui/src,
				);
				ICON = "$(ICON_NAME_DEBUG)";
				ICON_FILE = "$(ICON_FILE_PATH)$(ICON)";
				INFOPLIST_FILE = "openFrameworks-Info.plist";
				INSTALL_PATH = "$(HOME)/Applications";
				LIBRARY_SEARCH_PATHS = "$(inherited)";
				PRODUCT_NAME = "$(TARGET_NAME)Debug";
				WRAPPER_EXTENSION = app;
			};
			name = Debug;
		};
		E4B69B610A3A1757003C02F2 /* Release */ = {
			isa = XCBuildConfiguration;
			baseConfigurationReference = E4EB6923138AFD0F00A09F29 /* Project.xcconfig */;
			buildSettings = {
				COMBINE_HIDPI_IMAGES = YES;
				COPY_PHASE_STRIP = YES;
				FRAMEWORK_SEARCH_PATHS = (
					"$(inherited)",
					"$(FRAMEWORK_SEARCH_PATHS_QUOTED_FOR_TARGET_1)",
				);
				FRAMEWORK_SEARCH_PATHS_QUOTED_FOR_TARGET_1 = "\"$(SRCROOT)/../../../libs/glut/lib/osx\"";
				GCC_GENERATE_DEBUGGING_SYMBOLS = YES;
				GCC_MODEL_TUNING = NONE;
				HEADER_SEARCH_PATHS = (
					"$(OF_CORE_HEADERS)",
					src,
					../../../addons/ofxFlowTools/src,
					../../../addons/ofxFlowTools/src/drawforces,
					../../../addons/ofxFlowTools/src/filters,
					../../../addons/ofxFlowTools/src/fluid,
					../../../addons/ofxFlowTools/src/mask,
					../../../addons/ofxFlowTools/src/opticalflow,
					../../../addons/ofxFlowTools/src/particles,
					../../../addons/ofxFlowTools/src/tools,
					../../../addons/ofxFlowTools/src/visualisation,
					../../../addons/ofxGui/src,
				);
				ICON = "$(ICON_NAME_RELEASE)";
				ICON_FILE = "$(ICON_FILE_PATH)$(ICON)";
				INFOPLIST_FILE = "openFrameworks-Info.plist";
				INSTALL_PATH = "$(HOME)/Applications";
				LIBRARY_SEARCH_PATHS = "$(inherited)";
				PRODUCT_NAME = "$(TARGET_NAME)";
				WRAPPER_EXTENSION = app;
				baseConfigurationReference = E4EB6923138AFD0F00A09F29;
			};
			name = Release;
		};
/* End XCBuildConfiguration section */

/* Begin XCConfigurationList section */
		E4B69B4D0A3A1720003C02F2 /* Build configuration list for PBXProject "example" */ = {
			isa = XCConfigurationList;
			buildConfigurations = (
				E4B69B4E0A3A1720003C02F2 /* Debug */,
				E4B69B4F0A3A1720003C02F2 /* Release */,
			);
			defaultConfigurationIsVisible = 0;
			defaultConfigurationName = Release;
		};
		E4B69B5F0A3A1757003C02F2 /* Build configuration list for PBXNativeTarget "example" */ = {
			isa = XCConfigurationList;
			buildConfigurations = (
				E4B69B600A3A1757003C02F2 /* Debug */,
				E4B69B610A3A1757003C02F2 /* Release */,
			);
			defaultConfigurationIsVisible = 0;
			defaultConfigurationName = Release;
		};
/* End XCConfigurationList section */
	};
	rootObject = E4B69B4C0A3A1720003C02F2 /* Project object */;
}
